
Microsoft Visual Studio Solution File, Format Version 12.00
# Visual Studio Version 17
VisualStudioVersion = 17.8.34330.188
MinimumVisualStudioVersion = 10.0.40219.1
Project("{9A19103F-16F7-4668-BE54-9A1E7A4F7556}") = "homeworkk5", "homeworkk5\homeworkk5.csproj", "{C8D3769C-2555-43EF-8FE8-7DA1C7F3AAA8}"
EndProject
Project("{9A19103F-16F7-4668-BE54-9A1E7A4F7556}") = "homework6", "homework6\homework6.csproj", "{A48A5B92-2296-4AF7-B9D1-C86B55F9357E}"
EndProject
Project("{9A19103F-16F7-4668-BE54-9A1E7A4F7556}") = "homework7", "homework7\homework7.csproj", "{9BF0096C-C458-4508-B217-0AB9FCEB8439}"
EndProject
Project("{FAE04EC0-301F-11D3-BF4B-00C04F79EFBC}") = "homework 8", "homework 8\homework 8.csproj", "{6274F20A-DB86-487C-8E90-D83691191F91}"
EndProject
Global
	GlobalSection(SolutionConfigurationPlatforms) = preSolution
		Debug|Any CPU = Debug|Any CPU
		Release|Any CPU = Release|Any CPU
	EndGlobalSection
	GlobalSection(ProjectConfigurationPlatforms) = postSolution
		{C8D3769C-2555-43EF-8FE8-7DA1C7F3AAA8}.Debug|Any CPU.ActiveCfg = Debug|Any CPU
		{C8D3769C-2555-43EF-8FE8-7DA1C7F3AAA8}.Debug|Any CPU.Build.0 = Debug|Any CPU
		{C8D3769C-2555-43EF-8FE8-7DA1C7F3AAA8}.Release|Any CPU.ActiveCfg = Release|Any CPU
		{C8D3769C-2555-43EF-8FE8-7DA1C7F3AAA8}.Release|Any CPU.Build.0 = Release|Any CPU
		{A48A5B92-2296-4AF7-B9D1-C86B55F9357E}.Debug|Any CPU.ActiveCfg = Debug|Any CPU
		{A48A5B92-2296-4AF7-B9D1-C86B55F9357E}.Debug|Any CPU.Build.0 = Debug|Any CPU
		{A48A5B92-2296-4AF7-B9D1-C86B55F9357E}.Release|Any CPU.ActiveCfg = Release|Any CPU
		{A48A5B92-2296-4AF7-B9D1-C86B55F9357E}.Release|Any CPU.Build.0 = Release|Any CPU
		{9BF0096C-C458-4508-B217-0AB9FCEB8439}.Debug|Any CPU.ActiveCfg = Debug|Any CPU
		{9BF0096C-C458-4508-B217-0AB9FCEB8439}.Debug|Any CPU.Build.0 = Debug|Any CPU
		{9BF0096C-C458-4508-B217-0AB9FCEB8439}.Release|Any CPU.ActiveCfg = Release|Any CPU
		{9BF0096C-C458-4508-B217-0AB9FCEB8439}.Release|Any CPU.Build.0 = Release|Any CPU
		{6274F20A-DB86-487C-8E90-D83691191F91}.Debug|Any CPU.ActiveCfg = Debug|Any CPU
		{6274F20A-DB86-487C-8E90-D83691191F91}.Debug|Any CPU.Build.0 = Debug|Any CPU
		{6274F20A-DB86-487C-8E90-D83691191F91}.Release|Any CPU.ActiveCfg = Release|Any CPU
		{6274F20A-DB86-487C-8E90-D83691191F91}.Release|Any CPU.Build.0 = Release|Any CPU
	EndGlobalSection
	GlobalSection(SolutionProperties) = preSolution
		HideSolutionNode = FALSE
	EndGlobalSection
	GlobalSection(ExtensibilityGlobals) = postSolution
		SolutionGuid = {1B6C8FA2-CB05-4364-AAC5-DC93B558382C}
	EndGlobalSection
EndGlobal
